<Solution>
  <Project Path="AnagramSolver.BusinessLogic/AnagramSolver.BusinessLogic.csproj" />
  <Project Path="AnagramSolver.Cli/AnagramSolver.Cli.csproj" />
  <Project Path="AnagramSolver.Contracts/AnagramSolver.Contracts.csproj" />
  <Project Path="AnagramSolver.Tests/AnagramSolver.Tests.csproj" Id="883aadfc-06bf-479b-ad5b-40c794951ddd" />
  <Project Path="AnagramSolver.WebApp/AnagramSolver.WebApp.csproj" Id="e17775ec-978d-4b85-9e7e-2c715ead9871" />
</Solution>
